
Microsoft Visual Studio Solution File, Format Version 12.00
# Visual Studio Version 17
VisualStudioVersion = 17.10.35013.160
MinimumVisualStudioVersion = 10.0.40219.1
Project("{C9674DCB-5085-4A16-B785-4C70DD1589BD}") = "conversions", "conversions.dtproj", "{24F874B0-E508-4B52-A8A4-5D791C34C540}"
EndProject
Global
	GlobalSection(SolutionConfigurationPlatforms) = preSolution
		Development|Default = Development|Default
	EndGlobalSection
	GlobalSection(ProjectConfigurationPlatforms) = postSolution
		{24F874B0-E508-4B52-A8A4-5D791C34C540}.Development|Default.ActiveCfg = Development
		{24F874B0-E508-4B52-A8A4-5D791C34C540}.Development|Default.Build.0 = Development
	EndGlobalSection
	GlobalSection(SolutionProperties) = preSolution
		HideSolutionNode = FALSE
	EndGlobalSection
	GlobalSection(ExtensibilityGlobals) = postSolution
		SolutionGuid = {54D94E37-9B6D-48FB-9ECD-4FF903FADBB8}
	EndGlobalSection
EndGlobal
